
Microsoft Visual Studio Solution File, Format Version 12.00
Project("{FAE04EC0-301F-11D3-BF4B-00C04F79EFBC}") = "Blog", "Blog\Blog.csproj", "{4421B2D6-2C36-4D13-B444-214E045026C2}"
EndProject
Project("{FAE04EC0-301F-11D3-BF4B-00C04F79EFBC}") = "Blog.UnitTests", "Blog.UnitTests\Blog.UnitTests.csproj", "{4479B80B-CF11-419B-8CDB-1D78EB8EE09E}"
EndProject
Global
	GlobalSection(SolutionConfigurationPlatforms) = preSolution
		Debug|Any CPU = Debug|Any CPU
		Release|Any CPU = Release|Any CPU
	EndGlobalSection
	GlobalSection(ProjectConfigurationPlatforms) = postSolution
		{4421B2D6-2C36-4D13-B444-214E045026C2}.Debug|Any CPU.ActiveCfg = Debug|Any CPU
		{4421B2D6-2C36-4D13-B444-214E045026C2}.Debug|Any CPU.Build.0 = Debug|Any CPU
		{4421B2D6-2C36-4D13-B444-214E045026C2}.Release|Any CPU.ActiveCfg = Release|Any CPU
		{4421B2D6-2C36-4D13-B444-214E045026C2}.Release|Any CPU.Build.0 = Release|Any CPU
		{4479B80B-CF11-419B-8CDB-1D78EB8EE09E}.Debug|Any CPU.ActiveCfg = Debug|Any CPU
		{4479B80B-CF11-419B-8CDB-1D78EB8EE09E}.Debug|Any CPU.Build.0 = Debug|Any CPU
		{4479B80B-CF11-419B-8CDB-1D78EB8EE09E}.Release|Any CPU.ActiveCfg = Release|Any CPU
		{4479B80B-CF11-419B-8CDB-1D78EB8EE09E}.Release|Any CPU.Build.0 = Release|Any CPU
	EndGlobalSection
EndGlobal
